
Microsoft Visual Studio Solution File, Format Version 12.00
# Visual Studio Version 16
VisualStudioVersion = 16.0.30225.117
MinimumVisualStudioVersion = 10.0.40219.1
Project("{FAE04EC0-301F-11D3-BF4B-00C04F79EFBC}") = "Deploy_Files", "Deploy_Files\Deploy_Files.csproj", "{2086F799-28D5-45A8-9687-2FD86330F33B}"
EndProject
Project("{FAE04EC0-301F-11D3-BF4B-00C04F79EFBC}") = "NCM_Downloader", "NCM_Downloader\NCM_Downloader.csproj", "{651717BE-647E-4E71-A97C-579EDCB1CD9D}"
EndProject
Project("{FAE04EC0-301F-11D3-BF4B-00C04F79EFBC}") = "Tag_Importer", "Tag_Importer\Tag_Importer.csproj", "{6B5D8685-F550-44B9-B8CF-44EC6D174EAD}"
EndProject
Project("{FAE04EC0-301F-11D3-BF4B-00C04F79EFBC}") = "Interoperability", "ClassLibrary\Interoperability.csproj", "{0B0A0E29-5272-4824-A2CF-B00F2BEB0303}"
EndProject
Project("{2150E333-8FDC-42A3-9474-1A3956D46DE8}") = "Applications", "Applications", "{F4FB39BC-172B-44F8-A5DC-70CD4340BC4E}"
EndProject
Project("{FAE04EC0-301F-11D3-BF4B-00C04F79EFBC}") = "RDApp", "RDApp\RDApp.csproj", "{F9216EB9-AE14-46D1-BEF3-DC6D7D44F55F}"
EndProject
Project("{FAE04EC0-301F-11D3-BF4B-00C04F79EFBC}") = "WinCC Timer", "WinCC Timer\WinCC Timer.csproj", "{4C146F56-9600-4883-A67C-B7B7DB4CEB97}"
EndProject
Project("{FAE04EC0-301F-11D3-BF4B-00C04F79EFBC}") = "WpfApp1", "WpfApp1\WpfApp1.csproj", "{AE77DDDE-88A3-4592-9AC8-8EBEAA5797E7}"
EndProject
Project("{FAE04EC0-301F-11D3-BF4B-00C04F79EFBC}") = "StopWinCCRuntime", "StopWinCCRuntime\StopWinCCRuntime.csproj", "{68F16A02-B880-42B3-B999-C043B657FE63}"
EndProject
Global
	GlobalSection(SolutionConfigurationPlatforms) = preSolution
		Debug|Any CPU = Debug|Any CPU
		Release|Any CPU = Release|Any CPU
	EndGlobalSection
	GlobalSection(ProjectConfigurationPlatforms) = postSolution
		{2086F799-28D5-45A8-9687-2FD86330F33B}.Debug|Any CPU.ActiveCfg = Debug|Any CPU
		{2086F799-28D5-45A8-9687-2FD86330F33B}.Debug|Any CPU.Build.0 = Debug|Any CPU
		{2086F799-28D5-45A8-9687-2FD86330F33B}.Release|Any CPU.ActiveCfg = Release|Any CPU
		{2086F799-28D5-45A8-9687-2FD86330F33B}.Release|Any CPU.Build.0 = Release|Any CPU
		{651717BE-647E-4E71-A97C-579EDCB1CD9D}.Debug|Any CPU.ActiveCfg = Debug|Any CPU
		{651717BE-647E-4E71-A97C-579EDCB1CD9D}.Debug|Any CPU.Build.0 = Debug|Any CPU
		{651717BE-647E-4E71-A97C-579EDCB1CD9D}.Release|Any CPU.ActiveCfg = Release|Any CPU
		{651717BE-647E-4E71-A97C-579EDCB1CD9D}.Release|Any CPU.Build.0 = Release|Any CPU
		{6B5D8685-F550-44B9-B8CF-44EC6D174EAD}.Debug|Any CPU.ActiveCfg = Debug|Any CPU
		{6B5D8685-F550-44B9-B8CF-44EC6D174EAD}.Debug|Any CPU.Build.0 = Debug|Any CPU
		{6B5D8685-F550-44B9-B8CF-44EC6D174EAD}.Release|Any CPU.ActiveCfg = Release|Any CPU
		{6B5D8685-F550-44B9-B8CF-44EC6D174EAD}.Release|Any CPU.Build.0 = Release|Any CPU
		{0B0A0E29-5272-4824-A2CF-B00F2BEB0303}.Debug|Any CPU.ActiveCfg = Debug|Any CPU
		{0B0A0E29-5272-4824-A2CF-B00F2BEB0303}.Debug|Any CPU.Build.0 = Debug|Any CPU
		{0B0A0E29-5272-4824-A2CF-B00F2BEB0303}.Release|Any CPU.ActiveCfg = Release|Any CPU
		{0B0A0E29-5272-4824-A2CF-B00F2BEB0303}.Release|Any CPU.Build.0 = Release|Any CPU
		{F9216EB9-AE14-46D1-BEF3-DC6D7D44F55F}.Debug|Any CPU.ActiveCfg = Debug|Any CPU
		{F9216EB9-AE14-46D1-BEF3-DC6D7D44F55F}.Debug|Any CPU.Build.0 = Debug|Any CPU
		{F9216EB9-AE14-46D1-BEF3-DC6D7D44F55F}.Release|Any CPU.ActiveCfg = Release|Any CPU
		{F9216EB9-AE14-46D1-BEF3-DC6D7D44F55F}.Release|Any CPU.Build.0 = Release|Any CPU
		{4C146F56-9600-4883-A67C-B7B7DB4CEB97}.Debug|Any CPU.ActiveCfg = Debug|Any CPU
		{4C146F56-9600-4883-A67C-B7B7DB4CEB97}.Debug|Any CPU.Build.0 = Debug|Any CPU
		{4C146F56-9600-4883-A67C-B7B7DB4CEB97}.Release|Any CPU.ActiveCfg = Release|Any CPU
		{4C146F56-9600-4883-A67C-B7B7DB4CEB97}.Release|Any CPU.Build.0 = Release|Any CPU
		{AE77DDDE-88A3-4592-9AC8-8EBEAA5797E7}.Debug|Any CPU.ActiveCfg = Debug|Any CPU
		{AE77DDDE-88A3-4592-9AC8-8EBEAA5797E7}.Debug|Any CPU.Build.0 = Debug|Any CPU
		{AE77DDDE-88A3-4592-9AC8-8EBEAA5797E7}.Release|Any CPU.ActiveCfg = Release|Any CPU
		{AE77DDDE-88A3-4592-9AC8-8EBEAA5797E7}.Release|Any CPU.Build.0 = Release|Any CPU
		{68F16A02-B880-42B3-B999-C043B657FE63}.Debug|Any CPU.ActiveCfg = Debug|Any CPU
		{68F16A02-B880-42B3-B999-C043B657FE63}.Debug|Any CPU.Build.0 = Debug|Any CPU
		{68F16A02-B880-42B3-B999-C043B657FE63}.Release|Any CPU.ActiveCfg = Release|Any CPU
		{68F16A02-B880-42B3-B999-C043B657FE63}.Release|Any CPU.Build.0 = Release|Any CPU
	EndGlobalSection
	GlobalSection(SolutionProperties) = preSolution
		HideSolutionNode = FALSE
	EndGlobalSection
	GlobalSection(NestedProjects) = preSolution
		{2086F799-28D5-45A8-9687-2FD86330F33B} = {F4FB39BC-172B-44F8-A5DC-70CD4340BC4E}
		{651717BE-647E-4E71-A97C-579EDCB1CD9D} = {F4FB39BC-172B-44F8-A5DC-70CD4340BC4E}
		{6B5D8685-F550-44B9-B8CF-44EC6D174EAD} = {F4FB39BC-172B-44F8-A5DC-70CD4340BC4E}
		{F9216EB9-AE14-46D1-BEF3-DC6D7D44F55F} = {F4FB39BC-172B-44F8-A5DC-70CD4340BC4E}
		{4C146F56-9600-4883-A67C-B7B7DB4CEB97} = {F4FB39BC-172B-44F8-A5DC-70CD4340BC4E}
		{AE77DDDE-88A3-4592-9AC8-8EBEAA5797E7} = {F4FB39BC-172B-44F8-A5DC-70CD4340BC4E}
		{68F16A02-B880-42B3-B999-C043B657FE63} = {F4FB39BC-172B-44F8-A5DC-70CD4340BC4E}
	EndGlobalSection
	GlobalSection(ExtensibilityGlobals) = postSolution
		SolutionGuid = {374158E5-DB04-405D-BB4F-2FFD32D63FDA}
	EndGlobalSection
EndGlobal
