
Microsoft Visual Studio Solution File, Format Version 12.00
# Visual Studio 15
VisualStudioVersion = 15.0.28307.1169
MinimumVisualStudioVersion = 10.0.40219.1
Project("{FAE04EC0-301F-11D3-BF4B-00C04F79EFBC}") = "WpfApp1", "WpfApp1\WpfApp1.csproj", "{59B9C0DE-553B-413D-8EEC-4A184F4564E0}"
EndProject
Global
	GlobalSection(SolutionConfigurationPlatforms) = preSolution
		Debug|Any CPU = Debug|Any CPU
		Release|Any CPU = Release|Any CPU
	EndGlobalSection
	GlobalSection(ProjectConfigurationPlatforms) = postSolution
		{59B9C0DE-553B-413D-8EEC-4A184F4564E0}.Debug|Any CPU.ActiveCfg = Debug|Any CPU
		{59B9C0DE-553B-413D-8EEC-4A184F4564E0}.Debug|Any CPU.Build.0 = Debug|Any CPU
		{59B9C0DE-553B-413D-8EEC-4A184F4564E0}.Release|Any CPU.ActiveCfg = Release|Any CPU
		{59B9C0DE-553B-413D-8EEC-4A184F4564E0}.Release|Any CPU.Build.0 = Release|Any CPU
	EndGlobalSection
	GlobalSection(SolutionProperties) = preSolution
		HideSolutionNode = FALSE
	EndGlobalSection
	GlobalSection(ExtensibilityGlobals) = postSolution
		SolutionGuid = {B0DDA5C1-68D7-4972-9FC8-2091EAD27E92}
	EndGlobalSection
EndGlobal
